
Microsoft Visual Studio Solution File, Format Version 12.00
# Visual Studio 15
VisualStudioVersion = 15.0.27703.2047
MinimumVisualStudioVersion = 10.0.40219.1
Project("{8BC9CEB8-8B4A-11D0-8D11-00A0C91BC942}") = "JEDIICH10Classes", "JEDIICH10Classes\JEDIICH10Classes.vcxproj", "{560CF931-8EAB-4422-BE9D-96AC6C6E788F}"
EndProject
Global
	GlobalSection(SolutionConfigurationPlatforms) = preSolution
		Debug|x64 = Debug|x64
		Debug|x86 = Debug|x86
		Release|x64 = Release|x64
		Release|x86 = Release|x86
	EndGlobalSection
	GlobalSection(ProjectConfigurationPlatforms) = postSolution
		{560CF931-8EAB-4422-BE9D-96AC6C6E788F}.Debug|x64.ActiveCfg = Debug|x64
		{560CF931-8EAB-4422-BE9D-96AC6C6E788F}.Debug|x64.Build.0 = Debug|x64
		{560CF931-8EAB-4422-BE9D-96AC6C6E788F}.Debug|x86.ActiveCfg = Debug|Win32
		{560CF931-8EAB-4422-BE9D-96AC6C6E788F}.Debug|x86.Build.0 = Debug|Win32
		{560CF931-8EAB-4422-BE9D-96AC6C6E788F}.Release|x64.ActiveCfg = Release|x64
		{560CF931-8EAB-4422-BE9D-96AC6C6E788F}.Release|x64.Build.0 = Release|x64
		{560CF931-8EAB-4422-BE9D-96AC6C6E788F}.Release|x86.ActiveCfg = Release|Win32
		{560CF931-8EAB-4422-BE9D-96AC6C6E788F}.Release|x86.Build.0 = Release|Win32
	EndGlobalSection
	GlobalSection(SolutionProperties) = preSolution
		HideSolutionNode = FALSE
	EndGlobalSection
	GlobalSection(ExtensibilityGlobals) = postSolution
		SolutionGuid = {F433B532-22D9-45F8-A4AC-5B45E25D62BC}
	EndGlobalSection
EndGlobal
